// !$*UTF8*$!
{
	archiveVersion = 1;
	classes = {
	};
	objectVersion = 46;
	objects = {

/* Begin PBXBuildFile section */
		3216F5C41ED47E170045F71C /* LineChart.swift in Sources */ = {isa = PBXBuildFile; fileRef = 3216F5C31ED47E170045F71C /* LineChart.swift */; };
		3216F5C61ED5078B0045F71C /* CodonViewController.swift in Sources */ = {isa = PBXBuildFile; fileRef = 3216F5C51ED5078B0045F71C /* CodonViewController.swift */; };
		3216F5C81ED507E60045F71C /* Codon.swift in Sources */ = {isa = PBXBuildFile; fileRef = 3216F5C71ED507E60045F71C /* Codon.swift */; };
		3252EE551ED0DC5000AA3F36 /* AppDelegate.swift in Sources */ = {isa = PBXBuildFile; fileRef = 3252EE541ED0DC5000AA3F36 /* AppDelegate.swift */; };
		3252EE571ED0DC5000AA3F36 /* FirstViewController.swift in Sources */ = {isa = PBXBuildFile; fileRef = 3252EE561ED0DC5000AA3F36 /* FirstViewController.swift */; };
		3252EE591ED0DC5000AA3F36 /* SecondViewController.swift in Sources */ = {isa = PBXBuildFile; fileRef = 3252EE581ED0DC5000AA3F36 /* SecondViewController.swift */; };
		3252EE5C1ED0DC5000AA3F36 /* Main.storyboard in Resources */ = {isa = PBXBuildFile; fileRef = 3252EE5A1ED0DC5000AA3F36 /* Main.storyboard */; };
		3252EE5E1ED0DC5000AA3F36 /* Assets.xcassets in Resources */ = {isa = PBXBuildFile; fileRef = 3252EE5D1ED0DC5000AA3F36 /* Assets.xcassets */; };
		3252EE611ED0DC5000AA3F36 /* LaunchScreen.storyboard in Resources */ = {isa = PBXBuildFile; fileRef = 3252EE5F1ED0DC5000AA3F36 /* LaunchScreen.storyboard */; };
		3252EE6A1ED0E6CB00AA3F36 /* PreyPredatorBrain.swift in Sources */ = {isa = PBXBuildFile; fileRef = 3252EE691ED0E6CB00AA3F36 /* PreyPredatorBrain.swift */; };
		3252EEA81ED1BAA400AA3F36 /* GraphViewController.swift in Sources */ = {isa = PBXBuildFile; fileRef = 3252EEA71ED1BAA400AA3F36 /* GraphViewController.swift */; };
		328DF0361ED871B200DA10A6 /* PredatorInfoViewController.swift in Sources */ = {isa = PBXBuildFile; fileRef = 328DF0351ED871B200DA10A6 /* PredatorInfoViewController.swift */; };
/* End PBXBuildFile section */

/* Begin PBXFileReference section */
		3216F5C31ED47E170045F71C /* LineChart.swift */ = {isa = PBXFileReference; fileEncoding = 4; lastKnownFileType = sourcecode.swift; name = LineChart.swift; path = ../LineChart.swift; sourceTree = "<group>"; };
		3216F5C51ED5078B0045F71C /* CodonViewController.swift */ = {isa = PBXFileReference; fileEncoding = 4; lastKnownFileType = sourcecode.swift; path = CodonViewController.swift; sourceTree = "<group>"; };
		3216F5C71ED507E60045F71C /* Codon.swift */ = {isa = PBXFileReference; fileEncoding = 4; lastKnownFileType = sourcecode.swift; path = Codon.swift; sourceTree = "<group>"; };
		3252EE511ED0DC5000AA3F36 /* PreyPredator.app */ = {isa = PBXFileReference; explicitFileType = wrapper.application; includeInIndex = 0; path = PreyPredator.app; sourceTree = BUILT_PRODUCTS_DIR; };
		3252EE541ED0DC5000AA3F36 /* AppDelegate.swift */ = {isa = PBXFileReference; lastKnownFileType = sourcecode.swift; path = AppDelegate.swift; sourceTree = "<group>"; };
		3252EE561ED0DC5000AA3F36 /* FirstViewController.swift */ = {isa = PBXFileReference; lastKnownFileType = sourcecode.swift; path = FirstViewController.swift; sourceTree = "<group>"; };
		3252EE581ED0DC5000AA3F36 /* SecondViewController.swift */ = {isa = PBXFileReference; lastKnownFileType = sourcecode.swift; path = SecondViewController.swift; sourceTree = "<group>"; };
		3252EE5B1ED0DC5000AA3F36 /* Base */ = {isa = PBXFileReference; lastKnownFileType = file.storyboard; name = Base; path = Base.lproj/Main.storyboard; sourceTree = "<group>"; };
		3252EE5D1ED0DC5000AA3F36 /* Assets.xcassets */ = {isa = PBXFileReference; lastKnownFileType = folder.assetcatalog; path = Assets.xcassets; sourceTree = "<group>"; };
		3252EE601ED0DC5000AA3F36 /* Base */ = {isa = PBXFileReference; lastKnownFileType = file.storyboard; name = Base; path = Base.lproj/LaunchScreen.storyboard; sourceTree = "<group>"; };
		3252EE621ED0DC5000AA3F36 /* Info.plist */ = {isa = PBXFileReference; lastKnownFileType = text.plist.xml; path = Info.plist; sourceTree = "<group>"; };
		3252EE691ED0E6CB00AA3F36 /* PreyPredatorBrain.swift */ = {isa = PBXFileReference; fileEncoding = 4; lastKnownFileType = sourcecode.swift; path = PreyPredatorBrain.swift; sourceTree = "<group>"; };
		3252EEA71ED1BAA400AA3F36 /* GraphViewController.swift */ = {isa = PBXFileReference; fileEncoding = 4; lastKnownFileType = sourcecode.swift; path = GraphViewController.swift; sourceTree = "<group>"; };
		328DF0351ED871B200DA10A6 /* PredatorInfoViewController.swift */ = {isa = PBXFileReference; fileEncoding = 4; lastKnownFileType = sourcecode.swift; path = PredatorInfoViewController.swift; sourceTree = "<group>"; };
/* End PBXFileReference section */

/* Begin PBXFrameworksBuildPhase section */
		3252EE4E1ED0DC4F00AA3F36 /* Frameworks */ = {
			isa = PBXFrameworksBuildPhase;
			buildActionMask = 2147483647;
			files = (
			);
			runOnlyForDeploymentPostprocessing = 0;
		};
/* End PBXFrameworksBuildPhase section */

/* Begin PBXGroup section */
		3216F5C91ED507F50045F71C /* Brains */ = {
			isa = PBXGroup;
			children = (
				3252EE691ED0E6CB00AA3F36 /* PreyPredatorBrain.swift */,
				3216F5C71ED507E60045F71C /* Codon.swift */,
				3216F5C31ED47E170045F71C /* LineChart.swift */,
			);
			name = Brains;
			sourceTree = "<group>";
		};
		3216F5CA1ED5080B0045F71C /* Views */ = {
			isa = PBXGroup;
			children = (
				3252EE561ED0DC5000AA3F36 /* FirstViewController.swift */,
				3252EE581ED0DC5000AA3F36 /* SecondViewController.swift */,
				3252EEA71ED1BAA400AA3F36 /* GraphViewController.swift */,
				3216F5C51ED5078B0045F71C /* CodonViewController.swift */,
				328DF0351ED871B200DA10A6 /* PredatorInfoViewController.swift */,
			);
			name = Views;
			sourceTree = "<group>";
		};
		3252EE481ED0DC4F00AA3F36 = {
			isa = PBXGroup;
			children = (
				3252EE531ED0DC5000AA3F36 /* PreyPredator */,
				3252EE521ED0DC5000AA3F36 /* Products */,
			);
			sourceTree = "<group>";
		};
		3252EE521ED0DC5000AA3F36 /* Products */ = {
			isa = PBXGroup;
			children = (
				3252EE511ED0DC5000AA3F36 /* PreyPredator.app */,
			);
			name = Products;
			sourceTree = "<group>";
		};
		3252EE531ED0DC5000AA3F36 /* PreyPredator */ = {
			isa = PBXGroup;
			children = (
				3252EE681ED0DCFB00AA3F36 /* Supporting Files */,
				3216F5CA1ED5080B0045F71C /* Views */,
				3252EE5A1ED0DC5000AA3F36 /* Main.storyboard */,
				3216F5C91ED507F50045F71C /* Brains */,
				3252EE5D1ED0DC5000AA3F36 /* Assets.xcassets */,
			);
			path = PreyPredator;
			sourceTree = "<group>";
		};
		3252EE681ED0DCFB00AA3F36 /* Supporting Files */ = {
			isa = PBXGroup;
			children = (
				3252EE541ED0DC5000AA3F36 /* AppDelegate.swift */,
				3252EE5F1ED0DC5000AA3F36 /* LaunchScreen.storyboard */,
				3252EE621ED0DC5000AA3F36 /* Info.plist */,
			);
			name = "Supporting Files";
			sourceTree = "<group>";
		};
/* End PBXGroup section */

/* Begin PBXNativeTarget section */
		3252EE501ED0DC4F00AA3F36 /* PreyPredator */ = {
			isa = PBXNativeTarget;
			buildConfigurationList = 3252EE651ED0DC5000AA3F36 /* Build configuration list for PBXNativeTarget "PreyPredator" */;
			buildPhases = (
				3252EE4D1ED0DC4F00AA3F36 /* Sources */,
				3252EE4E1ED0DC4F00AA3F36 /* Frameworks */,
				3252EE4F1ED0DC4F00AA3F36 /* Resources */,
			);
			buildRules = (
			);
			dependencies = (
			);
			name = PreyPredator;
			productName = PreyPredator;
			productReference = 3252EE511ED0DC5000AA3F36 /* PreyPredator.app */;
			productType = "com.apple.product-type.application";
		};
/* End PBXNativeTarget section */

/* Begin PBXProject section */
		3252EE491ED0DC4F00AA3F36 /* Project object */ = {
			isa = PBXProject;
			attributes = {
				LastSwiftUpdateCheck = 0820;
				LastUpgradeCheck = 0820;
				ORGANIZATIONNAME = "William Daniels";
				TargetAttributes = {
					3252EE501ED0DC4F00AA3F36 = {
						CreatedOnToolsVersion = 8.2.1;
						DevelopmentTeam = 7GAFG2XAL2;
						ProvisioningStyle = Automatic;
					};
				};
			};
			buildConfigurationList = 3252EE4C1ED0DC4F00AA3F36 /* Build configuration list for PBXProject "PreyPredator" */;
			compatibilityVersion = "Xcode 3.2";
			developmentRegion = English;
			hasScannedForEncodings = 0;
			knownRegions = (
				en,
				Base,
			);
			mainGroup = 3252EE481ED0DC4F00AA3F36;
			productRefGroup = 3252EE521ED0DC5000AA3F36 /* Products */;
			projectDirPath = "";
			projectRoot = "";
			targets = (
				3252EE501ED0DC4F00AA3F36 /* PreyPredator */,
			);
		};
/* End PBXProject section */

/* Begin PBXResourcesBuildPhase section */
		3252EE4F1ED0DC4F00AA3F36 /* Resources */ = {
			isa = PBXResourcesBuildPhase;
			buildActionMask = 2147483647;
			files = (
				3252EE611ED0DC5000AA3F36 /* LaunchScreen.storyboard in Resources */,
				3252EE5E1ED0DC5000AA3F36 /* Assets.xcassets in Resources */,
				3252EE5C1ED0DC5000AA3F36 /* Main.storyboard in Resources */,
			);
			runOnlyForDeploymentPostprocessing = 0;
		};
/* End PBXResourcesBuildPhase section */

/* Begin PBXSourcesBuildPhase section */
		3252EE4D1ED0DC4F00AA3F36 /* Sources */ = {
			isa = PBXSourcesBuildPhase;
			buildActionMask = 2147483647;
			files = (
				3216F5C81ED507E60045F71C /* Codon.swift in Sources */,
				3252EE591ED0DC5000AA3F36 /* SecondViewController.swift in Sources */,
				3252EEA81ED1BAA400AA3F36 /* GraphViewController.swift in Sources */,
				3252EE551ED0DC5000AA3F36 /* AppDelegate.swift in Sources */,
				3216F5C41ED47E170045F71C /* LineChart.swift in Sources */,
				3252EE571ED0DC5000AA3F36 /* FirstViewController.swift in Sources */,
				3216F5C61ED5078B0045F71C /* CodonViewController.swift in Sources */,
				3252EE6A1ED0E6CB00AA3F36 /* PreyPredatorBrain.swift in Sources */,
				328DF0361ED871B200DA10A6 /* PredatorInfoViewController.swift in Sources */,
			);
			runOnlyForDeploymentPostprocessing = 0;
		};
/* End PBXSourcesBuildPhase section */

/* Begin PBXVariantGroup section */
		3252EE5A1ED0DC5000AA3F36 /* Main.storyboard */ = {
			isa = PBXVariantGroup;
			children = (
				3252EE5B1ED0DC5000AA3F36 /* Base */,
			);
			name = Main.storyboard;
			sourceTree = "<group>";
		};
		3252EE5F1ED0DC5000AA3F36 /* LaunchScreen.storyboard */ = {
			isa = PBXVariantGroup;
			children = (
				3252EE601ED0DC5000AA3F36 /* Base */,
			);
			name = LaunchScreen.storyboard;
			sourceTree = "<group>";
		};
/* End PBXVariantGroup section */

/* Begin XCBuildConfiguration section */
		3252EE631ED0DC5000AA3F36 /* Debug */ = {
			isa = XCBuildConfiguration;
			buildSettings = {
				ALWAYS_SEARCH_USER_PATHS = NO;
				CLANG_ANALYZER_NONNULL = YES;
				CLANG_CXX_LANGUAGE_STANDARD = "gnu++0x";
				CLANG_CXX_LIBRARY = "libc++";
				CLANG_ENABLE_MODULES = YES;
				CLANG_ENABLE_OBJC_ARC = YES;
				CLANG_WARN_BOOL_CONVERSION = YES;
				CLANG_WARN_CONSTANT_CONVERSION = YES;
				CLANG_WARN_DIRECT_OBJC_ISA_USAGE = YES_ERROR;
				CLANG_WARN_DOCUMENTATION_COMMENTS = YES;
				CLANG_WARN_EMPTY_BODY = YES;
				CLANG_WARN_ENUM_CONVERSION = YES;
				CLANG_WARN_INFINITE_RECURSION = YES;
				CLANG_WARN_INT_CONVERSION = YES;
				CLANG_WARN_OBJC_ROOT_CLASS = YES_ERROR;
				CLANG_WARN_SUSPICIOUS_MOVE = YES;
				CLANG_WARN_UNREACHABLE_CODE = YES;
				CLANG_WARN__DUPLICATE_METHOD_MATCH = YES;
				CODE_SIGN_IDENTITY = "iPhone Developer";
				"CODE_SIGN_IDENTITY[sdk=iphoneos*]" = "iPhone Developer";
				COPY_PHASE_STRIP = NO;
				DEBUG_INFORMATION_FORMAT = dwarf;
				ENABLE_STRICT_OBJC_MSGSEND = YES;
				ENABLE_TESTABILITY = YES;
				GCC_C_LANGUAGE_STANDARD = gnu99;
				GCC_DYNAMIC_NO_PIC = NO;
				GCC_NO_COMMON_BLOCKS = YES;
				GCC_OPTIMIZATION_LEVEL = 0;
				GCC_PREPROCESSOR_DEFINITIONS = (
					"DEBUG=1",
					"$(inherited)",
				);
				GCC_WARN_64_TO_32_BIT_CONVERSION = YES;
				GCC_WARN_ABOUT_RETURN_TYPE = YES_ERROR;
				GCC_WARN_UNDECLARED_SELECTOR = YES;
				GCC_WARN_UNINITIALIZED_AUTOS = YES_AGGRESSIVE;
				GCC_WARN_UNUSED_FUNCTION = YES;
				GCC_WARN_UNUSED_VARIABLE = YES;
				IPHONEOS_DEPLOYMENT_TARGET = 10.2;
				MTL_ENABLE_DEBUG_INFO = YES;
				ONLY_ACTIVE_ARCH = YES;
				SDKROOT = iphoneos;
				SWIFT_ACTIVE_COMPILATION_CONDITIONS = DEBUG;
				SWIFT_OPTIMIZATION_LEVEL = "-Onone";
			};
			name = Debug;
		};
		3252EE641ED0DC5000AA3F36 /* Release */ = {
			isa = XCBuildConfiguration;
			buildSettings = {
				ALWAYS_SEARCH_USER_PATHS = NO;
				CLANG_ANALYZER_NONNULL = YES;
				CLANG_CXX_LANGUAGE_STANDARD = "gnu++0x";
				CLANG_CXX_LIBRARY = "libc++";
				CLANG_ENABLE_MODULES = YES;
				CLANG_ENABLE_OBJC_ARC = YES;
				CLANG_WARN_BOOL_CONVERSION = YES;
				CLANG_WARN_CONSTANT_CONVERSION = YES;
				CLANG_WARN_DIRECT_OBJC_ISA_USAGE = YES_ERROR;
				CLANG_WARN_DOCUMENTATION_COMMENTS = YES;
				CLANG_WARN_EMPTY_BODY = YES;
				CLANG_WARN_ENUM_CONVERSION = YES;
				CLANG_WARN_INFINITE_RECURSION = YES;
				CLANG_WARN_INT_CONVERSION = YES;
				CLANG_WARN_OBJC_ROOT_CLASS = YES_ERROR;
				CLANG_WARN_SUSPICIOUS_MOVE = YES;
				CLANG_WARN_UNREACHABLE_CODE = YES;
				CLANG_WARN__DUPLICATE_METHOD_MATCH = YES;
				CODE_SIGN_IDENTITY = "iPhone Developer";
				"CODE_SIGN_IDENTITY[sdk=iphoneos*]" = "iPhone Developer";
				COPY_PHASE_STRIP = NO;
				DEBUG_INFORMATION_FORMAT = "dwarf-with-dsym";
				ENABLE_NS_ASSERTIONS = NO;
				ENABLE_STRICT_OBJC_MSGSEND = YES;
				GCC_C_LANGUAGE_STANDARD = gnu99;
				GCC_NO_COMMON_BLOCKS = YES;
				GCC_WARN_64_TO_32_BIT_CONVERSION = YES;
				GCC_WARN_ABOUT_RETURN_TYPE = YES_ERROR;
				GCC_WARN_UNDECLARED_SELECTOR = YES;
				GCC_WARN_UNINITIALIZED_AUTOS = YES_AGGRESSIVE;
				GCC_WARN_UNUSED_FUNCTION = YES;
				GCC_WARN_UNUSED_VARIABLE = YES;
				IPHONEOS_DEPLOYMENT_TARGET = 10.2;
				MTL_ENABLE_DEBUG_INFO = NO;
				SDKROOT = iphoneos;
				SWIFT_OPTIMIZATION_LEVEL = "-Owholemodule";
				VALIDATE_PRODUCT = YES;
			};
			name = Release;
		};
		3252EE661ED0DC5000AA3F36 /* Debug */ = {
			isa = XCBuildConfiguration;
			buildSettings = {
				ASSETCATALOG_COMPILER_APPICON_NAME = AppIcon;
				"CODE_SIGN_IDENTITY[sdk=iphoneos*]" = "iPhone Developer";
				DEVELOPMENT_TEAM = 7GAFG2XAL2;
				INFOPLIST_FILE = PreyPredator/Info.plist;
				LD_RUNPATH_SEARCH_PATHS = "$(inherited) @executable_path/Frameworks";
				PRODUCT_BUNDLE_IDENTIFIER = com.example.PreyPredator;
				PRODUCT_NAME = "$(TARGET_NAME)";
				SWIFT_VERSION = 3.0;
			};
			name = Debug;
		};
		3252EE671ED0DC5000AA3F36 /* Release */ = {
			isa = XCBuildConfiguration;
			buildSettings = {
				ASSETCATALOG_COMPILER_APPICON_NAME = AppIcon;
				"CODE_SIGN_IDENTITY[sdk=iphoneos*]" = "iPhone Developer";
				DEVELOPMENT_TEAM = 7GAFG2XAL2;
				INFOPLIST_FILE = PreyPredator/Info.plist;
				LD_RUNPATH_SEARCH_PATHS = "$(inherited) @executable_path/Frameworks";
				PRODUCT_BUNDLE_IDENTIFIER = com.example.PreyPredator;
				PRODUCT_NAME = "$(TARGET_NAME)";
				SWIFT_VERSION = 3.0;
			};
			name = Release;
		};
/* End XCBuildConfiguration section */

/* Begin XCConfigurationList section */
		3252EE4C1ED0DC4F00AA3F36 /* Build configuration list for PBXProject "PreyPredator" */ = {
			isa = XCConfigurationList;
			buildConfigurations = (
				3252EE631ED0DC5000AA3F36 /* Debug */,
				3252EE641ED0DC5000AA3F36 /* Release */,
			);
			defaultConfigurationIsVisible = 0;
			defaultConfigurationName = Release;
		};
		3252EE651ED0DC5000AA3F36 /* Build configuration list for PBXNativeTarget "PreyPredator" */ = {
			isa = XCConfigurationList;
			buildConfigurations = (
				3252EE661ED0DC5000AA3F36 /* Debug */,
				3252EE671ED0DC5000AA3F36 /* Release */,
			);
			defaultConfigurationIsVisible = 0;
			defaultConfigurationName = Release;
		};
/* End XCConfigurationList section */
	};
	rootObject = 3252EE491ED0DC4F00AA3F36 /* Project object */;
}
